
Microsoft Visual Studio Solution File, Format Version 12.00
# Visual Studio Version 17
VisualStudioVersion = 17.7.34202.233
MinimumVisualStudioVersion = 10.0.40219.1
Project("{FAE04EC0-301F-11D3-BF4B-00C04F79EFBC}") = "CQRSBebars", "CQRSBebars.csproj", "{95735FE1-504F-4F6F-9864-FC8D3E3EB081}"
EndProject
Global
	GlobalSection(SolutionConfigurationPlatforms) = preSolution
		Debug|Any CPU = Debug|Any CPU
		Release|Any CPU = Release|Any CPU
	EndGlobalSection
	GlobalSection(ProjectConfigurationPlatforms) = postSolution
		{95735FE1-504F-4F6F-9864-FC8D3E3EB081}.Debug|Any CPU.ActiveCfg = Debug|Any CPU
		{95735FE1-504F-4F6F-9864-FC8D3E3EB081}.Debug|Any CPU.Build.0 = Debug|Any CPU
		{95735FE1-504F-4F6F-9864-FC8D3E3EB081}.Release|Any CPU.ActiveCfg = Release|Any CPU
		{95735FE1-504F-4F6F-9864-FC8D3E3EB081}.Release|Any CPU.Build.0 = Release|Any CPU
	EndGlobalSection
	GlobalSection(SolutionProperties) = preSolution
		HideSolutionNode = FALSE
	EndGlobalSection
	GlobalSection(ExtensibilityGlobals) = postSolution
		SolutionGuid = {58566144-47F2-48F8-845F-60B43D64E0B3}
	EndGlobalSection
EndGlobal
